
Microsoft Visual Studio Solution File, Format Version 12.00
# Visual Studio Version 16
VisualStudioVersion = 16.0.32413.511
MinimumVisualStudioVersion = 10.0.40219.1
Project("{FAE04EC0-301F-11D3-BF4B-00C04F79EFBC}") = "Emp_PartTime", "Emp_PartTime\Emp_PartTime.csproj", "{532BAE65-F745-4378-A96A-DA1EFB803369}"
EndProject
Global
	GlobalSection(SolutionConfigurationPlatforms) = preSolution
		Debug|Any CPU = Debug|Any CPU
		Release|Any CPU = Release|Any CPU
	EndGlobalSection
	GlobalSection(ProjectConfigurationPlatforms) = postSolution
		{532BAE65-F745-4378-A96A-DA1EFB803369}.Debug|Any CPU.ActiveCfg = Debug|Any CPU
		{532BAE65-F745-4378-A96A-DA1EFB803369}.Debug|Any CPU.Build.0 = Debug|Any CPU
		{532BAE65-F745-4378-A96A-DA1EFB803369}.Release|Any CPU.ActiveCfg = Release|Any CPU
		{532BAE65-F745-4378-A96A-DA1EFB803369}.Release|Any CPU.Build.0 = Release|Any CPU
	EndGlobalSection
	GlobalSection(SolutionProperties) = preSolution
		HideSolutionNode = FALSE
	EndGlobalSection
	GlobalSection(ExtensibilityGlobals) = postSolution
		SolutionGuid = {C60940C3-FCFF-4473-9A35-B54EE63B41D7}
	EndGlobalSection
EndGlobal
