
Microsoft Visual Studio Solution File, Format Version 12.00
# Visual Studio Version 16
VisualStudioVersion = 16.0.32413.511
MinimumVisualStudioVersion = 10.0.40219.1
Project("{FAE04EC0-301F-11D3-BF4B-00C04F79EFBC}") = "Emp_TotalWorkingCondition", "Emp_TotalWorkingCondition\Emp_TotalWorkingCondition.csproj", "{D6121262-32D8-4D0E-B841-3FD7A399C5D1}"
EndProject
Global
	GlobalSection(SolutionConfigurationPlatforms) = preSolution
		Debug|Any CPU = Debug|Any CPU
		Release|Any CPU = Release|Any CPU
	EndGlobalSection
	GlobalSection(ProjectConfigurationPlatforms) = postSolution
		{D6121262-32D8-4D0E-B841-3FD7A399C5D1}.Debug|Any CPU.ActiveCfg = Debug|Any CPU
		{D6121262-32D8-4D0E-B841-3FD7A399C5D1}.Debug|Any CPU.Build.0 = Debug|Any CPU
		{D6121262-32D8-4D0E-B841-3FD7A399C5D1}.Release|Any CPU.ActiveCfg = Release|Any CPU
		{D6121262-32D8-4D0E-B841-3FD7A399C5D1}.Release|Any CPU.Build.0 = Release|Any CPU
	EndGlobalSection
	GlobalSection(SolutionProperties) = preSolution
		HideSolutionNode = FALSE
	EndGlobalSection
	GlobalSection(ExtensibilityGlobals) = postSolution
		SolutionGuid = {D9B1C937-59AD-4C91-922F-03F10E1940D2}
	EndGlobalSection
EndGlobal
